
Microsoft Visual Studio Solution File, Format Version 12.00
# Visual Studio Version 17
VisualStudioVersion = 17.0.31919.166
MinimumVisualStudioVersion = 10.0.40219.1
Project("{FAE04EC0-301F-11D3-BF4B-00C04F79EFBC}") = "ExtraExcersizes", "ExtraExcersizes\ExtraExcersizes.csproj", "{FE3A79EE-69C6-46A0-B0F0-578B3ED761D8}"
EndProject
Global
	GlobalSection(SolutionConfigurationPlatforms) = preSolution
		Debug|Any CPU = Debug|Any CPU
		Release|Any CPU = Release|Any CPU
	EndGlobalSection
	GlobalSection(ProjectConfigurationPlatforms) = postSolution
		{FE3A79EE-69C6-46A0-B0F0-578B3ED761D8}.Debug|Any CPU.ActiveCfg = Debug|Any CPU
		{FE3A79EE-69C6-46A0-B0F0-578B3ED761D8}.Debug|Any CPU.Build.0 = Debug|Any CPU
		{FE3A79EE-69C6-46A0-B0F0-578B3ED761D8}.Release|Any CPU.ActiveCfg = Release|Any CPU
		{FE3A79EE-69C6-46A0-B0F0-578B3ED761D8}.Release|Any CPU.Build.0 = Release|Any CPU
	EndGlobalSection
	GlobalSection(SolutionProperties) = preSolution
		HideSolutionNode = FALSE
	EndGlobalSection
	GlobalSection(ExtensibilityGlobals) = postSolution
		SolutionGuid = {794EDB32-8E02-4663-9429-639FFF45E5F6}
	EndGlobalSection
EndGlobal
